
Microsoft Visual Studio Solution File, Format Version 12.00
# Visual Studio Version 17
VisualStudioVersion = 17.0.31903.59
MinimumVisualStudioVersion = 10.0.40219.1
Project("{2150E333-8FDC-42A3-9474-1A3956D46DE8}") = "src", "src", "{827E0CD3-B72D-47B6-A68D-7590B98EB39B}"
EndProject
Project("{FAE04EC0-301F-11D3-BF4B-00C04F79EFBC}") = "DynamicsCrmLab.Domain", "src\DynamicsCrmLab.Domain\DynamicsCrmLab.Domain.csproj", "{1AFBCFC3-6197-4BEE-851B-BDC90FBFBBE5}"
EndProject
Project("{2150E333-8FDC-42A3-9474-1A3956D46DE8}") = "tests", "tests", "{0AB3BF05-4346-4AA6-1389-037BE0695223}"
EndProject
Project("{FAE04EC0-301F-11D3-BF4B-00C04F79EFBC}") = "DynamicsCrmLab.Domain.Tests", "tests\DynamicsCrmLab.Domain.Tests\DynamicsCrmLab.Domain.Tests.csproj", "{DCADBEAB-B3FE-42FD-A63C-7376788A171A}"
EndProject
Project("{FAE04EC0-301F-11D3-BF4B-00C04F79EFBC}") = "DynamicsCrmLab.Application", "src\DynamicsCrmLab.Application\DynamicsCrmLab.Application.csproj", "{FDB20193-CBA5-40D4-A819-708F056C622B}"
EndProject
Project("{FAE04EC0-301F-11D3-BF4B-00C04F79EFBC}") = "DynamicsCrmLab.Application.Tests", "tests\DynamicsCrmLab.Application.Tests\DynamicsCrmLab.Application.Tests.csproj", "{5ECC8B6A-CD0C-4BEA-8C7A-27A47A181A44}"
EndProject
Project("{FAE04EC0-301F-11D3-BF4B-00C04F79EFBC}") = "DynamicsCrmLab.Infrastructure", "src\DynamicsCrmLab.Infrastructure\DynamicsCrmLab.Infrastructure.csproj", "{1C1F7BDD-0EA8-405F-8B32-1E22499855C1}"
EndProject
Project("{FAE04EC0-301F-11D3-BF4B-00C04F79EFBC}") = "DynamicsCrmLab.Infrastructure.Tests", "tests\DynamicsCrmLab.Infrastructure.Tests\DynamicsCrmLab.Infrastructure.Tests.csproj", "{7070247D-B1AD-40C6-9D44-69425A0B992B}"
EndProject
Project("{FAE04EC0-301F-11D3-BF4B-00C04F79EFBC}") = "DynamicsCrmLab.Cli", "src\DynamicsCrmLab.Cli\DynamicsCrmLab.Cli.csproj", "{211B5174-575C-457C-ABB4-A186F04CFD08}"
EndProject
Project("{FAE04EC0-301F-11D3-BF4B-00C04F79EFBC}") = "DynamicsCrmLab.Plugins", "src\DynamicsCrmLab.Plugins\DynamicsCrmLab.Plugins.csproj", "{FD078ED0-CCEA-47E9-9637-5A2D043A23B2}"
EndProject
Project("{FAE04EC0-301F-11D3-BF4B-00C04F79EFBC}") = "DynamicsCrmLab.Plugins.Tests", "tests\DynamicsCrmLab.Plugins.Tests\DynamicsCrmLab.Plugins.Tests.csproj", "{D5672D3B-03E8-453F-BBDF-5E5881F7663C}"
EndProject
Project("{FAE04EC0-301F-11D3-BF4B-00C04F79EFBC}") = "DynamicsCrmLab.Schema", "src\DynamicsCrmLab.Schema\DynamicsCrmLab.Schema.csproj", "{6CC8F94E-D611-4361-A2E6-7392F8DF1C0B}"
EndProject
Project("{FAE04EC0-301F-11D3-BF4B-00C04F79EFBC}") = "DynamicsCrmLab.Api", "src\DynamicsCrmLab.Api\DynamicsCrmLab.Api.csproj", "{63E7D125-6C0B-402B-B847-A3D90C5EEEE0}"
EndProject
Project("{FAE04EC0-301F-11D3-BF4B-00C04F79EFBC}") = "DynamicsCrmLab.Api.Tests", "tests\DynamicsCrmLab.Api.Tests\DynamicsCrmLab.Api.Tests.csproj", "{EADA0957-BE97-475A-B214-F1DAEC7B32DB}"
EndProject
Global
	GlobalSection(SolutionConfigurationPlatforms) = preSolution
		Debug|Any CPU = Debug|Any CPU
		Debug|x64 = Debug|x64
		Debug|x86 = Debug|x86
		Release|Any CPU = Release|Any CPU
		Release|x64 = Release|x64
		Release|x86 = Release|x86
	EndGlobalSection
	GlobalSection(ProjectConfigurationPlatforms) = postSolution
		{1AFBCFC3-6197-4BEE-851B-BDC90FBFBBE5}.Debug|Any CPU.ActiveCfg = Debug|Any CPU
		{1AFBCFC3-6197-4BEE-851B-BDC90FBFBBE5}.Debug|Any CPU.Build.0 = Debug|Any CPU
		{1AFBCFC3-6197-4BEE-851B-BDC90FBFBBE5}.Debug|x64.ActiveCfg = Debug|Any CPU
		{1AFBCFC3-6197-4BEE-851B-BDC90FBFBBE5}.Debug|x64.Build.0 = Debug|Any CPU
		{1AFBCFC3-6197-4BEE-851B-BDC90FBFBBE5}.Debug|x86.ActiveCfg = Debug|Any CPU
		{1AFBCFC3-6197-4BEE-851B-BDC90FBFBBE5}.Debug|x86.Build.0 = Debug|Any CPU
		{1AFBCFC3-6197-4BEE-851B-BDC90FBFBBE5}.Release|Any CPU.ActiveCfg = Release|Any CPU
		{1AFBCFC3-6197-4BEE-851B-BDC90FBFBBE5}.Release|Any CPU.Build.0 = Release|Any CPU
		{1AFBCFC3-6197-4BEE-851B-BDC90FBFBBE5}.Release|x64.ActiveCfg = Release|Any CPU
		{1AFBCFC3-6197-4BEE-851B-BDC90FBFBBE5}.Release|x64.Build.0 = Release|Any CPU
		{1AFBCFC3-6197-4BEE-851B-BDC90FBFBBE5}.Release|x86.ActiveCfg = Release|Any CPU
		{1AFBCFC3-6197-4BEE-851B-BDC90FBFBBE5}.Release|x86.Build.0 = Release|Any CPU
		{DCADBEAB-B3FE-42FD-A63C-7376788A171A}.Debug|Any CPU.ActiveCfg = Debug|Any CPU
		{DCADBEAB-B3FE-42FD-A63C-7376788A171A}.Debug|Any CPU.Build.0 = Debug|Any CPU
		{DCADBEAB-B3FE-42FD-A63C-7376788A171A}.Debug|x64.ActiveCfg = Debug|Any CPU
		{DCADBEAB-B3FE-42FD-A63C-7376788A171A}.Debug|x64.Build.0 = Debug|Any CPU
		{DCADBEAB-B3FE-42FD-A63C-7376788A171A}.Debug|x86.ActiveCfg = Debug|Any CPU
		{DCADBEAB-B3FE-42FD-A63C-7376788A171A}.Debug|x86.Build.0 = Debug|Any CPU
		{DCADBEAB-B3FE-42FD-A63C-7376788A171A}.Release|Any CPU.ActiveCfg = Release|Any CPU
		{DCADBEAB-B3FE-42FD-A63C-7376788A171A}.Release|Any CPU.Build.0 = Release|Any CPU
		{DCADBEAB-B3FE-42FD-A63C-7376788A171A}.Release|x64.ActiveCfg = Release|Any CPU
		{DCADBEAB-B3FE-42FD-A63C-7376788A171A}.Release|x64.Build.0 = Release|Any CPU
		{DCADBEAB-B3FE-42FD-A63C-7376788A171A}.Release|x86.ActiveCfg = Release|Any CPU
		{DCADBEAB-B3FE-42FD-A63C-7376788A171A}.Release|x86.Build.0 = Release|Any CPU
		{FDB20193-CBA5-40D4-A819-708F056C622B}.Debug|Any CPU.ActiveCfg = Debug|Any CPU
		{FDB20193-CBA5-40D4-A819-708F056C622B}.Debug|Any CPU.Build.0 = Debug|Any CPU
		{FDB20193-CBA5-40D4-A819-708F056C622B}.Debug|x64.ActiveCfg = Debug|Any CPU
		{FDB20193-CBA5-40D4-A819-708F056C622B}.Debug|x64.Build.0 = Debug|Any CPU
		{FDB20193-CBA5-40D4-A819-708F056C622B}.Debug|x86.ActiveCfg = Debug|Any CPU
		{FDB20193-CBA5-40D4-A819-708F056C622B}.Debug|x86.Build.0 = Debug|Any CPU
		{FDB20193-CBA5-40D4-A819-708F056C622B}.Release|Any CPU.ActiveCfg = Release|Any CPU
		{FDB20193-CBA5-40D4-A819-708F056C622B}.Release|Any CPU.Build.0 = Release|Any CPU
		{FDB20193-CBA5-40D4-A819-708F056C622B}.Release|x64.ActiveCfg = Release|Any CPU
		{FDB20193-CBA5-40D4-A819-708F056C622B}.Release|x64.Build.0 = Release|Any CPU
		{FDB20193-CBA5-40D4-A819-708F056C622B}.Release|x86.ActiveCfg = Release|Any CPU
		{FDB20193-CBA5-40D4-A819-708F056C622B}.Release|x86.Build.0 = Release|Any CPU
		{5ECC8B6A-CD0C-4BEA-8C7A-27A47A181A44}.Debug|Any CPU.ActiveCfg = Debug|Any CPU
		{5ECC8B6A-CD0C-4BEA-8C7A-27A47A181A44}.Debug|Any CPU.Build.0 = Debug|Any CPU
		{5ECC8B6A-CD0C-4BEA-8C7A-27A47A181A44}.Debug|x64.ActiveCfg = Debug|Any CPU
		{5ECC8B6A-CD0C-4BEA-8C7A-27A47A181A44}.Debug|x64.Build.0 = Debug|Any CPU
		{5ECC8B6A-CD0C-4BEA-8C7A-27A47A181A44}.Debug|x86.ActiveCfg = Debug|Any CPU
		{5ECC8B6A-CD0C-4BEA-8C7A-27A47A181A44}.Debug|x86.Build.0 = Debug|Any CPU
		{5ECC8B6A-CD0C-4BEA-8C7A-27A47A181A44}.Release|Any CPU.ActiveCfg = Release|Any CPU
		{5ECC8B6A-CD0C-4BEA-8C7A-27A47A181A44}.Release|Any CPU.Build.0 = Release|Any CPU
		{5ECC8B6A-CD0C-4BEA-8C7A-27A47A181A44}.Release|x64.ActiveCfg = Release|Any CPU
		{5ECC8B6A-CD0C-4BEA-8C7A-27A47A181A44}.Release|x64.Build.0 = Release|Any CPU
		{5ECC8B6A-CD0C-4BEA-8C7A-27A47A181A44}.Release|x86.ActiveCfg = Release|Any CPU
		{5ECC8B6A-CD0C-4BEA-8C7A-27A47A181A44}.Release|x86.Build.0 = Release|Any CPU
		{1C1F7BDD-0EA8-405F-8B32-1E22499855C1}.Debug|Any CPU.ActiveCfg = Debug|Any CPU
		{1C1F7BDD-0EA8-405F-8B32-1E22499855C1}.Debug|Any CPU.Build.0 = Debug|Any CPU
		{1C1F7BDD-0EA8-405F-8B32-1E22499855C1}.Debug|x64.ActiveCfg = Debug|Any CPU
		{1C1F7BDD-0EA8-405F-8B32-1E22499855C1}.Debug|x64.Build.0 = Debug|Any CPU
		{1C1F7BDD-0EA8-405F-8B32-1E22499855C1}.Debug|x86.ActiveCfg = Debug|Any CPU
		{1C1F7BDD-0EA8-405F-8B32-1E22499855C1}.Debug|x86.Build.0 = Debug|Any CPU
		{1C1F7BDD-0EA8-405F-8B32-1E22499855C1}.Release|Any CPU.ActiveCfg = Release|Any CPU
		{1C1F7BDD-0EA8-405F-8B32-1E22499855C1}.Release|Any CPU.Build.0 = Release|Any CPU
		{1C1F7BDD-0EA8-405F-8B32-1E22499855C1}.Release|x64.ActiveCfg = Release|Any CPU
		{1C1F7BDD-0EA8-405F-8B32-1E22499855C1}.Release|x64.Build.0 = Release|Any CPU
		{1C1F7BDD-0EA8-405F-8B32-1E22499855C1}.Release|x86.ActiveCfg = Release|Any CPU
		{1C1F7BDD-0EA8-405F-8B32-1E22499855C1}.Release|x86.Build.0 = Release|Any CPU
		{7070247D-B1AD-40C6-9D44-69425A0B992B}.Debug|Any CPU.ActiveCfg = Debug|Any CPU
		{7070247D-B1AD-40C6-9D44-69425A0B992B}.Debug|Any CPU.Build.0 = Debug|Any CPU
		{7070247D-B1AD-40C6-9D44-69425A0B992B}.Debug|x64.ActiveCfg = Debug|Any CPU
		{7070247D-B1AD-40C6-9D44-69425A0B992B}.Debug|x64.Build.0 = Debug|Any CPU
		{7070247D-B1AD-40C6-9D44-69425A0B992B}.Debug|x86.ActiveCfg = Debug|Any CPU
		{7070247D-B1AD-40C6-9D44-69425A0B992B}.Debug|x86.Build.0 = Debug|Any CPU
		{7070247D-B1AD-40C6-9D44-69425A0B992B}.Release|Any CPU.ActiveCfg = Release|Any CPU
		{7070247D-B1AD-40C6-9D44-69425A0B992B}.Release|Any CPU.Build.0 = Release|Any CPU
		{7070247D-B1AD-40C6-9D44-69425A0B992B}.Release|x64.ActiveCfg = Release|Any CPU
		{7070247D-B1AD-40C6-9D44-69425A0B992B}.Release|x64.Build.0 = Release|Any CPU
		{7070247D-B1AD-40C6-9D44-69425A0B992B}.Release|x86.ActiveCfg = Release|Any CPU
		{7070247D-B1AD-40C6-9D44-69425A0B992B}.Release|x86.Build.0 = Release|Any CPU
		{211B5174-575C-457C-ABB4-A186F04CFD08}.Debug|Any CPU.ActiveCfg = Debug|Any CPU
		{211B5174-575C-457C-ABB4-A186F04CFD08}.Debug|Any CPU.Build.0 = Debug|Any CPU
		{211B5174-575C-457C-ABB4-A186F04CFD08}.Debug|x64.ActiveCfg = Debug|Any CPU
		{211B5174-575C-457C-ABB4-A186F04CFD08}.Debug|x64.Build.0 = Debug|Any CPU
		{211B5174-575C-457C-ABB4-A186F04CFD08}.Debug|x86.ActiveCfg = Debug|Any CPU
		{211B5174-575C-457C-ABB4-A186F04CFD08}.Debug|x86.Build.0 = Debug|Any CPU
		{211B5174-575C-457C-ABB4-A186F04CFD08}.Release|Any CPU.ActiveCfg = Release|Any CPU
		{211B5174-575C-457C-ABB4-A186F04CFD08}.Release|Any CPU.Build.0 = Release|Any CPU
		{211B5174-575C-457C-ABB4-A186F04CFD08}.Release|x64.ActiveCfg = Release|Any CPU
		{211B5174-575C-457C-ABB4-A186F04CFD08}.Release|x64.Build.0 = Release|Any CPU
		{211B5174-575C-457C-ABB4-A186F04CFD08}.Release|x86.ActiveCfg = Release|Any CPU
		{211B5174-575C-457C-ABB4-A186F04CFD08}.Release|x86.Build.0 = Release|Any CPU
		{FD078ED0-CCEA-47E9-9637-5A2D043A23B2}.Debug|Any CPU.ActiveCfg = Debug|Any CPU
		{FD078ED0-CCEA-47E9-9637-5A2D043A23B2}.Debug|Any CPU.Build.0 = Debug|Any CPU
		{FD078ED0-CCEA-47E9-9637-5A2D043A23B2}.Debug|x64.ActiveCfg = Debug|Any CPU
		{FD078ED0-CCEA-47E9-9637-5A2D043A23B2}.Debug|x64.Build.0 = Debug|Any CPU
		{FD078ED0-CCEA-47E9-9637-5A2D043A23B2}.Debug|x86.ActiveCfg = Debug|Any CPU
		{FD078ED0-CCEA-47E9-9637-5A2D043A23B2}.Debug|x86.Build.0 = Debug|Any CPU
		{FD078ED0-CCEA-47E9-9637-5A2D043A23B2}.Release|Any CPU.ActiveCfg = Release|Any CPU
		{FD078ED0-CCEA-47E9-9637-5A2D043A23B2}.Release|Any CPU.Build.0 = Release|Any CPU
		{FD078ED0-CCEA-47E9-9637-5A2D043A23B2}.Release|x64.ActiveCfg = Release|Any CPU
		{FD078ED0-CCEA-47E9-9637-5A2D043A23B2}.Release|x64.Build.0 = Release|Any CPU
		{FD078ED0-CCEA-47E9-9637-5A2D043A23B2}.Release|x86.ActiveCfg = Release|Any CPU
		{FD078ED0-CCEA-47E9-9637-5A2D043A23B2}.Release|x86.Build.0 = Release|Any CPU
		{D5672D3B-03E8-453F-BBDF-5E5881F7663C}.Debug|Any CPU.ActiveCfg = Debug|Any CPU
		{D5672D3B-03E8-453F-BBDF-5E5881F7663C}.Debug|Any CPU.Build.0 = Debug|Any CPU
		{D5672D3B-03E8-453F-BBDF-5E5881F7663C}.Debug|x64.ActiveCfg = Debug|Any CPU
		{D5672D3B-03E8-453F-BBDF-5E5881F7663C}.Debug|x64.Build.0 = Debug|Any CPU
		{D5672D3B-03E8-453F-BBDF-5E5881F7663C}.Debug|x86.ActiveCfg = Debug|Any CPU
		{D5672D3B-03E8-453F-BBDF-5E5881F7663C}.Debug|x86.Build.0 = Debug|Any CPU
		{D5672D3B-03E8-453F-BBDF-5E5881F7663C}.Release|Any CPU.ActiveCfg = Release|Any CPU
		{D5672D3B-03E8-453F-BBDF-5E5881F7663C}.Release|Any CPU.Build.0 = Release|Any CPU
		{D5672D3B-03E8-453F-BBDF-5E5881F7663C}.Release|x64.ActiveCfg = Release|Any CPU
		{D5672D3B-03E8-453F-BBDF-5E5881F7663C}.Release|x64.Build.0 = Release|Any CPU
		{D5672D3B-03E8-453F-BBDF-5E5881F7663C}.Release|x86.ActiveCfg = Release|Any CPU
		{D5672D3B-03E8-453F-BBDF-5E5881F7663C}.Release|x86.Build.0 = Release|Any CPU
		{6CC8F94E-D611-4361-A2E6-7392F8DF1C0B}.Debug|Any CPU.ActiveCfg = Debug|Any CPU
		{6CC8F94E-D611-4361-A2E6-7392F8DF1C0B}.Debug|Any CPU.Build.0 = Debug|Any CPU
		{6CC8F94E-D611-4361-A2E6-7392F8DF1C0B}.Debug|x64.ActiveCfg = Debug|Any CPU
		{6CC8F94E-D611-4361-A2E6-7392F8DF1C0B}.Debug|x64.Build.0 = Debug|Any CPU
		{6CC8F94E-D611-4361-A2E6-7392F8DF1C0B}.Debug|x86.ActiveCfg = Debug|Any CPU
		{6CC8F94E-D611-4361-A2E6-7392F8DF1C0B}.Debug|x86.Build.0 = Debug|Any CPU
		{6CC8F94E-D611-4361-A2E6-7392F8DF1C0B}.Release|Any CPU.ActiveCfg = Release|Any CPU
		{6CC8F94E-D611-4361-A2E6-7392F8DF1C0B}.Release|Any CPU.Build.0 = Release|Any CPU
		{6CC8F94E-D611-4361-A2E6-7392F8DF1C0B}.Release|x64.ActiveCfg = Release|Any CPU
		{6CC8F94E-D611-4361-A2E6-7392F8DF1C0B}.Release|x64.Build.0 = Release|Any CPU
		{6CC8F94E-D611-4361-A2E6-7392F8DF1C0B}.Release|x86.ActiveCfg = Release|Any CPU
		{6CC8F94E-D611-4361-A2E6-7392F8DF1C0B}.Release|x86.Build.0 = Release|Any CPU
		{63E7D125-6C0B-402B-B847-A3D90C5EEEE0}.Debug|Any CPU.ActiveCfg = Debug|Any CPU
		{63E7D125-6C0B-402B-B847-A3D90C5EEEE0}.Debug|Any CPU.Build.0 = Debug|Any CPU
		{63E7D125-6C0B-402B-B847-A3D90C5EEEE0}.Debug|x64.ActiveCfg = Debug|Any CPU
		{63E7D125-6C0B-402B-B847-A3D90C5EEEE0}.Debug|x64.Build.0 = Debug|Any CPU
		{63E7D125-6C0B-402B-B847-A3D90C5EEEE0}.Debug|x86.ActiveCfg = Debug|Any CPU
		{63E7D125-6C0B-402B-B847-A3D90C5EEEE0}.Debug|x86.Build.0 = Debug|Any CPU
		{63E7D125-6C0B-402B-B847-A3D90C5EEEE0}.Release|Any CPU.ActiveCfg = Release|Any CPU
		{63E7D125-6C0B-402B-B847-A3D90C5EEEE0}.Release|Any CPU.Build.0 = Release|Any CPU
		{63E7D125-6C0B-402B-B847-A3D90C5EEEE0}.Release|x64.ActiveCfg = Release|Any CPU
		{63E7D125-6C0B-402B-B847-A3D90C5EEEE0}.Release|x64.Build.0 = Release|Any CPU
		{63E7D125-6C0B-402B-B847-A3D90C5EEEE0}.Release|x86.ActiveCfg = Release|Any CPU
		{63E7D125-6C0B-402B-B847-A3D90C5EEEE0}.Release|x86.Build.0 = Release|Any CPU
		{EADA0957-BE97-475A-B214-F1DAEC7B32DB}.Debug|Any CPU.ActiveCfg = Debug|Any CPU
		{EADA0957-BE97-475A-B214-F1DAEC7B32DB}.Debug|Any CPU.Build.0 = Debug|Any CPU
		{EADA0957-BE97-475A-B214-F1DAEC7B32DB}.Debug|x64.ActiveCfg = Debug|Any CPU
		{EADA0957-BE97-475A-B214-F1DAEC7B32DB}.Debug|x64.Build.0 = Debug|Any CPU
		{EADA0957-BE97-475A-B214-F1DAEC7B32DB}.Debug|x86.ActiveCfg = Debug|Any CPU
		{EADA0957-BE97-475A-B214-F1DAEC7B32DB}.Debug|x86.Build.0 = Debug|Any CPU
		{EADA0957-BE97-475A-B214-F1DAEC7B32DB}.Release|Any CPU.ActiveCfg = Release|Any CPU
		{EADA0957-BE97-475A-B214-F1DAEC7B32DB}.Release|Any CPU.Build.0 = Release|Any CPU
		{EADA0957-BE97-475A-B214-F1DAEC7B32DB}.Release|x64.ActiveCfg = Release|Any CPU
		{EADA0957-BE97-475A-B214-F1DAEC7B32DB}.Release|x64.Build.0 = Release|Any CPU
		{EADA0957-BE97-475A-B214-F1DAEC7B32DB}.Release|x86.ActiveCfg = Release|Any CPU
		{EADA0957-BE97-475A-B214-F1DAEC7B32DB}.Release|x86.Build.0 = Release|Any CPU
	EndGlobalSection
	GlobalSection(SolutionProperties) = preSolution
		HideSolutionNode = FALSE
	EndGlobalSection
	GlobalSection(NestedProjects) = preSolution
		{1AFBCFC3-6197-4BEE-851B-BDC90FBFBBE5} = {827E0CD3-B72D-47B6-A68D-7590B98EB39B}
		{DCADBEAB-B3FE-42FD-A63C-7376788A171A} = {0AB3BF05-4346-4AA6-1389-037BE0695223}
		{FDB20193-CBA5-40D4-A819-708F056C622B} = {827E0CD3-B72D-47B6-A68D-7590B98EB39B}
		{5ECC8B6A-CD0C-4BEA-8C7A-27A47A181A44} = {0AB3BF05-4346-4AA6-1389-037BE0695223}
		{1C1F7BDD-0EA8-405F-8B32-1E22499855C1} = {827E0CD3-B72D-47B6-A68D-7590B98EB39B}
		{7070247D-B1AD-40C6-9D44-69425A0B992B} = {0AB3BF05-4346-4AA6-1389-037BE0695223}
		{211B5174-575C-457C-ABB4-A186F04CFD08} = {827E0CD3-B72D-47B6-A68D-7590B98EB39B}
		{FD078ED0-CCEA-47E9-9637-5A2D043A23B2} = {827E0CD3-B72D-47B6-A68D-7590B98EB39B}
		{D5672D3B-03E8-453F-BBDF-5E5881F7663C} = {0AB3BF05-4346-4AA6-1389-037BE0695223}
		{6CC8F94E-D611-4361-A2E6-7392F8DF1C0B} = {827E0CD3-B72D-47B6-A68D-7590B98EB39B}
		{63E7D125-6C0B-402B-B847-A3D90C5EEEE0} = {827E0CD3-B72D-47B6-A68D-7590B98EB39B}
		{EADA0957-BE97-475A-B214-F1DAEC7B32DB} = {0AB3BF05-4346-4AA6-1389-037BE0695223}
	EndGlobalSection
EndGlobal
